
Microsoft Visual Studio Solution File, Format Version 12.00
# Visual Studio Version 17
VisualStudioVersion = 17.1.32414.318
MinimumVisualStudioVersion = 10.0.40219.1
Project("{FAE04EC0-301F-11D3-BF4B-00C04F79EFBC}") = "Hochschulverwaltung", "Hochschulverwaltung\Hochschulverwaltung.csproj", "{B921B237-F1CE-434F-B48D-8BA97A60F74A}"
EndProject
Global
	GlobalSection(SolutionConfigurationPlatforms) = preSolution
		Debug|Any CPU = Debug|Any CPU
		Release|Any CPU = Release|Any CPU
	EndGlobalSection
	GlobalSection(ProjectConfigurationPlatforms) = postSolution
		{B921B237-F1CE-434F-B48D-8BA97A60F74A}.Debug|Any CPU.ActiveCfg = Debug|Any CPU
		{B921B237-F1CE-434F-B48D-8BA97A60F74A}.Debug|Any CPU.Build.0 = Debug|Any CPU
		{B921B237-F1CE-434F-B48D-8BA97A60F74A}.Release|Any CPU.ActiveCfg = Release|Any CPU
		{B921B237-F1CE-434F-B48D-8BA97A60F74A}.Release|Any CPU.Build.0 = Release|Any CPU
	EndGlobalSection
	GlobalSection(SolutionProperties) = preSolution
		HideSolutionNode = FALSE
	EndGlobalSection
	GlobalSection(ExtensibilityGlobals) = postSolution
		SolutionGuid = {FEC0B079-4CD8-4FC7-945D-50620A597EF9}
	EndGlobalSection
EndGlobal
